// !$*UTF8*$!
{
	archiveVersion = 1;
	classes = {
	};
	objectVersion = 46;
	objects = {

/* Begin PBXBuildFile section */
		98A4119A1E6317EE00EA1257 /* main.m in Sources */ = {isa = PBXBuildFile; fileRef = 98A411991E6317EE00EA1257 /* main.m */; };
		98A4119D1E6317EE00EA1257 /* AppDelegate.m in Sources */ = {isa = PBXBuildFile; fileRef = 98A4119C1E6317EE00EA1257 /* AppDelegate.m */; };
		98A411A01E6317EE00EA1257 /* ViewController.m in Sources */ = {isa = PBXBuildFile; fileRef = 98A4119F1E6317EE00EA1257 /* ViewController.m */; };
		98A411A31E6317EF00EA1257 /* Main.storyboard in Resources */ = {isa = PBXBuildFile; fileRef = 98A411A11E6317EF00EA1257 /* Main.storyboard */; };
		98A411A51E6317EF00EA1257 /* Assets.xcassets in Resources */ = {isa = PBXBuildFile; fileRef = 98A411A41E6317EF00EA1257 /* Assets.xcassets */; };
		98A411A81E6317EF00EA1257 /* LaunchScreen.storyboard in Resources */ = {isa = PBXBuildFile; fileRef = 98A411A61E6317EF00EA1257 /* LaunchScreen.storyboard */; };
/* End PBXBuildFile section */

/* Begin PBXFileReference section */
		98A411951E6317EE00EA1257 /* Prefect.app */ = {isa = PBXFileReference; explicitFileType = wrapper.application; includeInIndex = 0; path = Prefect.app; sourceTree = BUILT_PRODUCTS_DIR; };
		98A411991E6317EE00EA1257 /* main.m */ = {isa = PBXFileReference; lastKnownFileType = sourcecode.c.objc; path = main.m; sourceTree = "<group>"; };
		98A4119B1E6317EE00EA1257 /* AppDelegate.h */ = {isa = PBXFileReference; lastKnownFileType = sourcecode.c.h; path = AppDelegate.h; sourceTree = "<group>"; };
		98A4119C1E6317EE00EA1257 /* AppDelegate.m */ = {isa = PBXFileReference; lastKnownFileType = sourcecode.c.objc; path = AppDelegate.m; sourceTree = "<group>"; };
		98A4119E1E6317EE00EA1257 /* ViewController.h */ = {isa = PBXFileReference; lastKnownFileType = sourcecode.c.h; path = ViewController.h; sourceTree = "<group>"; };
		98A4119F1E6317EE00EA1257 /* ViewController.m */ = {isa = PBXFileReference; lastKnownFileType = sourcecode.c.objc; path = ViewController.m; sourceTree = "<group>"; };
		98A411A21E6317EF00EA1257 /* Base */ = {isa = PBXFileReference; lastKnownFileType = file.storyboard; name = Base; path = Base.lproj/Main.storyboard; sourceTree = "<group>"; };
		98A411A41E6317EF00EA1257 /* Assets.xcassets */ = {isa = PBXFileReference; lastKnownFileType = folder.assetcatalog; path = Assets.xcassets; sourceTree = "<group>"; };
		98A411A71E6317EF00EA1257 /* Base */ = {isa = PBXFileReference; lastKnownFileType = file.storyboard; name = Base; path = Base.lproj/LaunchScreen.storyboard; sourceTree = "<group>"; };
		98A411A91E6317EF00EA1257 /* Info.plist */ = {isa = PBXFileReference; lastKnownFileType = text.plist.xml; path = Info.plist; sourceTree = "<group>"; };
/* End PBXFileReference section */

/* Begin PBXFrameworksBuildPhase section */
		98A411921E6317EE00EA1257 /* Frameworks */ = {
			isa = PBXFrameworksBuildPhase;
			buildActionMask = 2147483647;
			files = (
			);
			runOnlyForDeploymentPostprocessing = 0;
		};
/* End PBXFrameworksBuildPhase section */

/* Begin PBXGroup section */
		98A4118C1E6317EE00EA1257 = {
			isa = PBXGroup;
			children = (
				98A411971E6317EE00EA1257 /* Prefect */,
				98A411961E6317EE00EA1257 /* Products */,
			);
			sourceTree = "<group>";
		};
		98A411961E6317EE00EA1257 /* Products */ = {
			isa = PBXGroup;
			children = (
				98A411951E6317EE00EA1257 /* Prefect.app */,
			);
			name = Products;
			sourceTree = "<group>";
		};
		98A411971E6317EE00EA1257 /* Prefect */ = {
			isa = PBXGroup;
			children = (
				98A4119B1E6317EE00EA1257 /* AppDelegate.h */,
				98A4119C1E6317EE00EA1257 /* AppDelegate.m */,
				98A4119E1E6317EE00EA1257 /* ViewController.h */,
				98A4119F1E6317EE00EA1257 /* ViewController.m */,
				98A411A11E6317EF00EA1257 /* Main.storyboard */,
				98A411A41E6317EF00EA1257 /* Assets.xcassets */,
				98A411A61E6317EF00EA1257 /* LaunchScreen.storyboard */,
				98A411A91E6317EF00EA1257 /* Info.plist */,
				98A411981E6317EE00EA1257 /* Supporting Files */,
			);
			path = Prefect;
			sourceTree = "<group>";
		};
		98A411981E6317EE00EA1257 /* Supporting Files */ = {
			isa = PBXGroup;
			children = (
				98A411991E6317EE00EA1257 /* main.m */,
			);
			name = "Supporting Files";
			sourceTree = "<group>";
		};
/* End PBXGroup section */

/* Begin PBXNativeTarget section */
		98A411941E6317EE00EA1257 /* Prefect */ = {
			isa = PBXNativeTarget;
			buildConfigurationList = 98A411AC1E6317EF00EA1257 /* Build configuration list for PBXNativeTarget "Prefect" */;
			buildPhases = (
				98A411911E6317EE00EA1257 /* Sources */,
				98A411921E6317EE00EA1257 /* Frameworks */,
				98A411931E6317EE00EA1257 /* Resources */,
			);
			buildRules = (
			);
			dependencies = (
			);
			name = Prefect;
			productName = Prefect;
			productReference = 98A411951E6317EE00EA1257 /* Prefect.app */;
			productType = "com.apple.product-type.application";
		};
/* End PBXNativeTarget section */

/* Begin PBXProject section */
		98A4118D1E6317EE00EA1257 /* Project object */ = {
			isa = PBXProject;
			attributes = {
				LastUpgradeCheck = 0800;
				ORGANIZATIONNAME = Zpy;
				TargetAttributes = {
					98A411941E6317EE00EA1257 = {
						CreatedOnToolsVersion = 8.0;
						ProvisioningStyle = Automatic;
					};
				};
			};
			buildConfigurationList = 98A411901E6317EE00EA1257 /* Build configuration list for PBXProject "Prefect" */;
			compatibilityVersion = "Xcode 3.2";
			developmentRegion = English;
			hasScannedForEncodings = 0;
			knownRegions = (
				en,
				Base,
			);
			mainGroup = 98A4118C1E6317EE00EA1257;
			productRefGroup = 98A411961E6317EE00EA1257 /* Products */;
			projectDirPath = "";
			projectRoot = "";
			targets = (
				98A411941E6317EE00EA1257 /* Prefect */,
			);
		};
/* End PBXProject section */

/* Begin PBXResourcesBuildPhase section */
		98A411931E6317EE00EA1257 /* Resources */ = {
			isa = PBXResourcesBuildPhase;
			buildActionMask = 2147483647;
			files = (
				98A411A81E6317EF00EA1257 /* LaunchScreen.storyboard in Resources */,
				98A411A51E6317EF00EA1257 /* Assets.xcassets in Resources */,
				98A411A31E6317EF00EA1257 /* Main.storyboard in Resources */,
			);
			runOnlyForDeploymentPostprocessing = 0;
		};
/* End PBXResourcesBuildPhase section */

/* Begin PBXSourcesBuildPhase section */
		98A411911E6317EE00EA1257 /* Sources */ = {
			isa = PBXSourcesBuildPhase;
			buildActionMask = 2147483647;
			files = (
				98A411A01E6317EE00EA1257 /* ViewController.m in Sources */,
				98A4119D1E6317EE00EA1257 /* AppDelegate.m in Sources */,
				98A4119A1E6317EE00EA1257 /* main.m in Sources */,
			);
			runOnlyForDeploymentPostprocessing = 0;
		};
/* End PBXSourcesBuildPhase section */

/* Begin PBXVariantGroup section */
		98A411A11E6317EF00EA1257 /* Main.storyboard */ = {
			isa = PBXVariantGroup;
			children = (
				98A411A21E6317EF00EA1257 /* Base */,
			);
			name = Main.storyboard;
			sourceTree = "<group>";
		};
		98A411A61E6317EF00EA1257 /* LaunchScreen.storyboard */ = {
			isa = PBXVariantGroup;
			children = (
				98A411A71E6317EF00EA1257 /* Base */,
			);
			name = LaunchScreen.storyboard;
			sourceTree = "<group>";
		};
/* End PBXVariantGroup section */

/* Begin XCBuildConfiguration section */
		98A411AA1E6317EF00EA1257 /* Debug */ = {
			isa = XCBuildConfiguration;
			buildSettings = {
				ALWAYS_SEARCH_USER_PATHS = NO;
				CLANG_ANALYZER_NONNULL = YES;
				CLANG_CXX_LANGUAGE_STANDARD = "gnu++0x";
				CLANG_CXX_LIBRARY = "libc++";
				CLANG_ENABLE_MODULES = YES;
				CLANG_ENABLE_OBJC_ARC = YES;
				CLANG_WARN_BOOL_CONVERSION = YES;
				CLANG_WARN_CONSTANT_CONVERSION = YES;
				CLANG_WARN_DIRECT_OBJC_ISA_USAGE = YES_ERROR;
				CLANG_WARN_DOCUMENTATION_COMMENTS = YES;
				CLANG_WARN_EMPTY_BODY = YES;
				CLANG_WARN_ENUM_CONVERSION = YES;
				CLANG_WARN_INFINITE_RECURSION = YES;
				CLANG_WARN_INT_CONVERSION = YES;
				CLANG_WARN_OBJC_ROOT_CLASS = YES_ERROR;
				CLANG_WARN_SUSPICIOUS_MOVES = YES;
				CLANG_WARN_UNREACHABLE_CODE = YES;
				CLANG_WARN__DUPLICATE_METHOD_MATCH = YES;
				"CODE_SIGN_IDENTITY[sdk=iphoneos*]" = "iPhone Developer";
				COPY_PHASE_STRIP = NO;
				DEBUG_INFORMATION_FORMAT = dwarf;
				ENABLE_STRICT_OBJC_MSGSEND = YES;
				ENABLE_TESTABILITY = YES;
				GCC_C_LANGUAGE_STANDARD = gnu99;
				GCC_DYNAMIC_NO_PIC = NO;
				GCC_NO_COMMON_BLOCKS = YES;
				GCC_OPTIMIZATION_LEVEL = 0;
				GCC_PREPROCESSOR_DEFINITIONS = (
					"DEBUG=1",
					"$(inherited)",
				);
				GCC_WARN_64_TO_32_BIT_CONVERSION = YES;
				GCC_WARN_ABOUT_RETURN_TYPE = YES_ERROR;
				GCC_WARN_UNDECLARED_SELECTOR = YES;
				GCC_WARN_UNINITIALIZED_AUTOS = YES_AGGRESSIVE;
				GCC_WARN_UNUSED_FUNCTION = YES;
				GCC_WARN_UNUSED_VARIABLE = YES;
				IPHONEOS_DEPLOYMENT_TARGET = 10.0;
				MTL_ENABLE_DEBUG_INFO = YES;
				ONLY_ACTIVE_ARCH = YES;
				SDKROOT = iphoneos;
				TARGETED_DEVICE_FAMILY = "1,2";
			};
			name = Debug;
		};
		98A411AB1E6317EF00EA1257 /* Release */ = {
			isa = XCBuildConfiguration;
			buildSettings = {
				ALWAYS_SEARCH_USER_PATHS = NO;
				CLANG_ANALYZER_NONNULL = YES;
				CLANG_CXX_LANGUAGE_STANDARD = "gnu++0x";
				CLANG_CXX_LIBRARY = "libc++";
				CLANG_ENABLE_MODULES = YES;
				CLANG_ENABLE_OBJC_ARC = YES;
				CLANG_WARN_BOOL_CONVERSION = YES;
				CLANG_WARN_CONSTANT_CONVERSION = YES;
				CLANG_WARN_DIRECT_OBJC_ISA_USAGE = YES_ERROR;
				CLANG_WARN_DOCUMENTATION_COMMENTS = YES;
				CLANG_WARN_EMPTY_BODY = YES;
				CLANG_WARN_ENUM_CONVERSION = YES;
				CLANG_WARN_INFINITE_RECURSION = YES;
				CLANG_WARN_INT_CONVERSION = YES;
				CLANG_WARN_OBJC_ROOT_CLASS = YES_ERROR;
				CLANG_WARN_SUSPICIOUS_MOVES = YES;
				CLANG_WARN_UNREACHABLE_CODE = YES;
				CLANG_WARN__DUPLICATE_METHOD_MATCH = YES;
				"CODE_SIGN_IDENTITY[sdk=iphoneos*]" = "iPhone Developer";
				COPY_PHASE_STRIP = NO;
				DEBUG_INFORMATION_FORMAT = "dwarf-with-dsym";
				ENABLE_NS_ASSERTIONS = NO;
				ENABLE_STRICT_OBJC_MSGSEND = YES;
				GCC_C_LANGUAGE_STANDARD = gnu99;
				GCC_NO_COMMON_BLOCKS = YES;
				GCC_WARN_64_TO_32_BIT_CONVERSION = YES;
				GCC_WARN_ABOUT_RETURN_TYPE = YES_ERROR;
				GCC_WARN_UNDECLARED_SELECTOR = YES;
				GCC_WARN_UNINITIALIZED_AUTOS = YES_AGGRESSIVE;
				GCC_WARN_UNUSED_FUNCTION = YES;
				GCC_WARN_UNUSED_VARIABLE = YES;
				IPHONEOS_DEPLOYMENT_TARGET = 10.0;
				MTL_ENABLE_DEBUG_INFO = NO;
				SDKROOT = iphoneos;
				TARGETED_DEVICE_FAMILY = "1,2";
				VALIDATE_PRODUCT = YES;
			};
			name = Release;
		};
		98A411AD1E6317EF00EA1257 /* Debug */ = {
			isa = XCBuildConfiguration;
			buildSettings = {
				ASSETCATALOG_COMPILER_APPICON_NAME = AppIcon;
				INFOPLIST_FILE = Prefect/Info.plist;
				LD_RUNPATH_SEARCH_PATHS = "$(inherited) @executable_path/Frameworks";
				PRODUCT_BUNDLE_IDENTIFIER = com.Zpy.Prefect;
				PRODUCT_NAME = "$(TARGET_NAME)";
			};
			name = Debug;
		};
		98A411AE1E6317EF00EA1257 /* Release */ = {
			isa = XCBuildConfiguration;
			buildSettings = {
				ASSETCATALOG_COMPILER_APPICON_NAME = AppIcon;
				INFOPLIST_FILE = Prefect/Info.plist;
				LD_RUNPATH_SEARCH_PATHS = "$(inherited) @executable_path/Frameworks";
				PRODUCT_BUNDLE_IDENTIFIER = com.Zpy.Prefect;
				PRODUCT_NAME = "$(TARGET_NAME)";
			};
			name = Release;
		};
/* End XCBuildConfiguration section */

/* Begin XCConfigurationList section */
		98A411901E6317EE00EA1257 /* Build configuration list for PBXProject "Prefect" */ = {
			isa = XCConfigurationList;
			buildConfigurations = (
				98A411AA1E6317EF00EA1257 /* Debug */,
				98A411AB1E6317EF00EA1257 /* Release */,
			);
			defaultConfigurationIsVisible = 0;
			defaultConfigurationName = Release;
		};
		98A411AC1E6317EF00EA1257 /* Build configuration list for PBXNativeTarget "Prefect" */ = {
			isa = XCConfigurationList;
			buildConfigurations = (
				98A411AD1E6317EF00EA1257 /* Debug */,
				98A411AE1E6317EF00EA1257 /* Release */,
			);
			defaultConfigurationIsVisible = 0;
		};
/* End XCConfigurationList section */
	};
	rootObject = 98A4118D1E6317EE00EA1257 /* Project object */;
}
